{
  "name": "rbhomale17.github.io",
  "lockfileVersion": 2,
  "requires": true,
  "packages": {
    "": {
      "dependencies": {
        "typed.js": "^2.0.16",
        "typeit": "^8.7.1"
      }
    },
    "node_modules/typed.js": {
      "version": "2.0.16",
      "resolved": "https://registry.npmjs.org/typed.js/-/typed.js-2.0.16.tgz",
      "integrity": "sha512-IBB52GlJiTUOnomwdVVf7lWgC6gScn8md+26zTHj5oJWA+4pSuclHE76rbGI2hnyO+NT+QXdIUHbfjAY5nEtcw=="
    },
    "node_modules/typeit": {
      "version": "8.7.1",
      "resolved": "https://registry.npmjs.org/typeit/-/typeit-8.7.1.tgz",
      "integrity": "sha512-Bx/O4NMz10NWh9FWYtVwV4XwGHF9UDJfpCZPJRtw2/oUcahFAStU8J0t19aroPfTV6s1UlS5ICoqilOqmEnh2Q==",
      "hasInstallScript": true
    }
  },
  "dependencies": {
    "typed.js": {
      "version": "2.0.16",
      "resolved": "https://registry.npmjs.org/typed.js/-/typed.js-2.0.16.tgz",
      "integrity": "sha512-IBB52GlJiTUOnomwdVVf7lWgC6gScn8md+26zTHj5oJWA+4pSuclHE76rbGI2hnyO+NT+QXdIUHbfjAY5nEtcw=="
    },
    "typeit": {
      "version": "8.7.1",
      "resolved": "https://registry.npmjs.org/typeit/-/typeit-8.7.1.tgz",
      "integrity": "sha512-Bx/O4NMz10NWh9FWYtVwV4XwGHF9UDJfpCZPJRtw2/oUcahFAStU8J0t19aroPfTV6s1UlS5ICoqilOqmEnh2Q=="
    }
  }
}
